
Microsoft Visual Studio Solution File, Format Version 12.00
# Visual Studio Version 17
VisualStudioVersion = 17.7.33906.173
MinimumVisualStudioVersion = 10.0.40219.1
Project("{FAE04EC0-301F-11D3-BF4B-00C04F79EFBC}") = "Learning.DesignPatterns.Factory", "Learning.DesignPatterns.Factory\Learning.DesignPatterns.Factory.csproj", "{61F4EE7F-3336-4D55-8AB8-2914A5CEFF87}"
EndProject
Project("{FAE04EC0-301F-11D3-BF4B-00C04F79EFBC}") = "TestProject1", "TestProject1\TestProject1.csproj", "{FC925950-03FB-486C-A9FB-353BE005685A}"
EndProject
Global
	GlobalSection(SolutionConfigurationPlatforms) = preSolution
		Debug|Any CPU = Debug|Any CPU
		Release|Any CPU = Release|Any CPU
	EndGlobalSection
	GlobalSection(ProjectConfigurationPlatforms) = postSolution
		{61F4EE7F-3336-4D55-8AB8-2914A5CEFF87}.Debug|Any CPU.ActiveCfg = Debug|Any CPU
		{61F4EE7F-3336-4D55-8AB8-2914A5CEFF87}.Debug|Any CPU.Build.0 = Debug|Any CPU
		{61F4EE7F-3336-4D55-8AB8-2914A5CEFF87}.Release|Any CPU.ActiveCfg = Release|Any CPU
		{61F4EE7F-3336-4D55-8AB8-2914A5CEFF87}.Release|Any CPU.Build.0 = Release|Any CPU
		{FC925950-03FB-486C-A9FB-353BE005685A}.Debug|Any CPU.ActiveCfg = Debug|Any CPU
		{FC925950-03FB-486C-A9FB-353BE005685A}.Debug|Any CPU.Build.0 = Debug|Any CPU
		{FC925950-03FB-486C-A9FB-353BE005685A}.Release|Any CPU.ActiveCfg = Release|Any CPU
		{FC925950-03FB-486C-A9FB-353BE005685A}.Release|Any CPU.Build.0 = Release|Any CPU
	EndGlobalSection
	GlobalSection(SolutionProperties) = preSolution
		HideSolutionNode = FALSE
	EndGlobalSection
	GlobalSection(ExtensibilityGlobals) = postSolution
		SolutionGuid = {C12BDD8D-6CD9-4E0E-BF30-C77E05481BDE}
	EndGlobalSection
EndGlobal
